
Microsoft Visual Studio Solution File, Format Version 12.00
# Visual Studio Version 17
VisualStudioVersion = 17.2.32630.192
MinimumVisualStudioVersion = 10.0.40219.1
Project("{FAE04EC0-301F-11D3-BF4B-00C04F79EFBC}") = "StudentManagement", "StudentManagement\StudentManagement.csproj", "{A0E07DE3-6AC6-4BA9-AC99-88668C3C299E}"
EndProject
Global
	GlobalSection(SolutionConfigurationPlatforms) = preSolution
		Debug|Any CPU = Debug|Any CPU
		Release|Any CPU = Release|Any CPU
	EndGlobalSection
	GlobalSection(ProjectConfigurationPlatforms) = postSolution
		{A0E07DE3-6AC6-4BA9-AC99-88668C3C299E}.Debug|Any CPU.ActiveCfg = Debug|Any CPU
		{A0E07DE3-6AC6-4BA9-AC99-88668C3C299E}.Debug|Any CPU.Build.0 = Debug|Any CPU
		{A0E07DE3-6AC6-4BA9-AC99-88668C3C299E}.Release|Any CPU.ActiveCfg = Release|Any CPU
		{A0E07DE3-6AC6-4BA9-AC99-88668C3C299E}.Release|Any CPU.Build.0 = Release|Any CPU
	EndGlobalSection
	GlobalSection(SolutionProperties) = preSolution
		HideSolutionNode = FALSE
	EndGlobalSection
	GlobalSection(ExtensibilityGlobals) = postSolution
		SolutionGuid = {B34F6AE1-D78A-44BB-B679-C154D020D3FF}
	EndGlobalSection
EndGlobal
